{
  "nodes": {
    "devour-flake": {
      "flake": false,
      "locked": {
        "lastModified": 1699722684,
        "narHash": "sha256-LapKkHNZ8D3k/uLaJjmGxx7GuYRinGBxEkIAGb/8pCo=",
        "owner": "srid",
        "repo": "devour-flake",
        "rev": "c89ad7a611caef31899292bc8f9aae9e7aa251cb",
        "type": "github"
      },
      "original": {
        "owner": "srid",
        "repo": "devour-flake",
        "type": "github"
      }
    },
    "flake-parts": {
      "inputs": {
        "nixpkgs-lib": [
          "nixpkgs"
        ]
      },
      "locked": {
        "lastModified": 1704982712,
        "narHash": "sha256-2Ptt+9h8dczgle2Oo6z5ni5rt/uLMG47UFTR1ry/wgg=",
        "owner": "hercules-ci",
        "repo": "flake-parts",
        "rev": "07f6395285469419cf9d078f59b5b49993198c00",
        "type": "github"
      },
      "original": {
        "owner": "hercules-ci",
        "repo": "flake-parts",
        "type": "github"
      }
    },
    "flake-root": {
      "locked": {
        "lastModified": 1692742795,
        "narHash": "sha256-f+Y0YhVCIJ06LemO+3Xx00lIcqQxSKJHXT/yk1RTKxw=",
        "owner": "srid",
        "repo": "flake-root",
        "rev": "d9a70d9c7a5fd7f3258ccf48da9335e9b47c3937",
        "type": "github"
      },
      "original": {
        "owner": "srid",
        "repo": "flake-root",
        "type": "github"
      }
    },
    "nixpkgs": {
      "locked": {
        "lastModified": 1706098335,
        "narHash": "sha256-r3dWjT8P9/Ah5m5ul4WqIWD8muj5F+/gbCdjiNVBKmU=",
        "owner": "NixOS",
        "repo": "nixpkgs",
        "rev": "a77ab169a83a4175169d78684ddd2e54486ac651",
        "type": "github"
      },
      "original": {
        "owner": "NixOS",
        "ref": "nixos-23.11",
        "repo": "nixpkgs",
        "type": "github"
      }
    },
    "root": {
      "inputs": {
        "devour-flake": "devour-flake",
        "flake-parts": "flake-parts",
        "flake-root": "flake-root",
        "nixpkgs": "nixpkgs",
        "treefmt-nix": "treefmt-nix"
      }
    },
    "treefmt-nix": {
      "inputs": {
        "nixpkgs": [
          "nixpkgs"
        ]
      },
      "locked": {
        "lastModified": 1706111218,
        "narHash": "sha256-ueC4DvzFzN9Ft3kLSv8g6uuT3Ghz+jZ7UlGQFPZxBrg=",
        "owner": "numtide",
        "repo": "treefmt-nix",
        "rev": "23f601bfdef75e21fe8854e24a043bb642201794",
        "type": "github"
      },
      "original": {
        "owner": "numtide",
        "repo": "treefmt-nix",
        "type": "github"
      }
    }
  },
  "root": "root",
  "version": 7
}
